
Microsoft Visual Studio Solution File, Format Version 12.00
# Visual Studio 14
VisualStudioVersion = 14.0.25123.0
MinimumVisualStudioVersion = 10.0.40219.1
Project("{FAE04EC0-301F-11D3-BF4B-00C04F79EFBC}") = "CurrysToGo", "CurrysToGo\CurrysToGo.csproj", "{914CBCE9-BE3B-456D-A616-D2211CE8A151}"
EndProject
Project("{FAE04EC0-301F-11D3-BF4B-00C04F79EFBC}") = "CurrysToGo.Tests", "CurrysToGo.Tests\CurrysToGo.Tests.csproj", "{138C3556-2A37-464E-A0C5-AF834F432CE4}"
EndProject
Global
	GlobalSection(SolutionConfigurationPlatforms) = preSolution
		Debug|Any CPU = Debug|Any CPU
		Release|Any CPU = Release|Any CPU
	EndGlobalSection
	GlobalSection(ProjectConfigurationPlatforms) = postSolution
		{914CBCE9-BE3B-456D-A616-D2211CE8A151}.Debug|Any CPU.ActiveCfg = Debug|Any CPU
		{914CBCE9-BE3B-456D-A616-D2211CE8A151}.Debug|Any CPU.Build.0 = Debug|Any CPU
		{914CBCE9-BE3B-456D-A616-D2211CE8A151}.Release|Any CPU.ActiveCfg = Release|Any CPU
		{914CBCE9-BE3B-456D-A616-D2211CE8A151}.Release|Any CPU.Build.0 = Release|Any CPU
		{138C3556-2A37-464E-A0C5-AF834F432CE4}.Debug|Any CPU.ActiveCfg = Debug|Any CPU
		{138C3556-2A37-464E-A0C5-AF834F432CE4}.Debug|Any CPU.Build.0 = Debug|Any CPU
		{138C3556-2A37-464E-A0C5-AF834F432CE4}.Release|Any CPU.ActiveCfg = Release|Any CPU
		{138C3556-2A37-464E-A0C5-AF834F432CE4}.Release|Any CPU.Build.0 = Release|Any CPU
	EndGlobalSection
	GlobalSection(SolutionProperties) = preSolution
		HideSolutionNode = FALSE
	EndGlobalSection
EndGlobal
